
Microsoft Visual Studio Solution File, Format Version 12.00
# Visual Studio Version 16
VisualStudioVersion = 16.0.29424.173
MinimumVisualStudioVersion = 10.0.40219.1
Project("{FAE04EC0-301F-11D3-BF4B-00C04F79EFBC}") = "CACS.Cookies", "CACS.Cookies\CACS.Cookies.csproj", "{F864923E-EBCB-4997-A464-34161EB361AD}"
EndProject
Global
	GlobalSection(SolutionConfigurationPlatforms) = preSolution
		Debug|Any CPU = Debug|Any CPU
		Release|Any CPU = Release|Any CPU
	EndGlobalSection
	GlobalSection(ProjectConfigurationPlatforms) = postSolution
		{F864923E-EBCB-4997-A464-34161EB361AD}.Debug|Any CPU.ActiveCfg = Debug|Any CPU
		{F864923E-EBCB-4997-A464-34161EB361AD}.Debug|Any CPU.Build.0 = Debug|Any CPU
		{F864923E-EBCB-4997-A464-34161EB361AD}.Release|Any CPU.ActiveCfg = Release|Any CPU
		{F864923E-EBCB-4997-A464-34161EB361AD}.Release|Any CPU.Build.0 = Release|Any CPU
	EndGlobalSection
	GlobalSection(SolutionProperties) = preSolution
		HideSolutionNode = FALSE
	EndGlobalSection
	GlobalSection(ExtensibilityGlobals) = postSolution
		SolutionGuid = {DC3E6D8A-5846-4A0D-B565-EFED59DA1C17}
	EndGlobalSection
EndGlobal
